// !$*UTF8*$!
{
	archiveVersion = 1;
	classes = {
	};
	objectVersion = 50;
	objects = {

/* Begin PBXBuildFile section */
		7BD88004226A026000670DDC /* AppDelegate.swift in Sources */ = {isa = PBXBuildFile; fileRef = 7BD88003226A026000670DDC /* AppDelegate.swift */; };
		7BD88006226A026000670DDC /* ViewController.swift in Sources */ = {isa = PBXBuildFile; fileRef = 7BD88005226A026000670DDC /* ViewController.swift */; };
		7BD88009226A026000670DDC /* Main.storyboard in Resources */ = {isa = PBXBuildFile; fileRef = 7BD88007226A026000670DDC /* Main.storyboard */; };
		7BD8800B226A026100670DDC /* Assets.xcassets in Resources */ = {isa = PBXBuildFile; fileRef = 7BD8800A226A026100670DDC /* Assets.xcassets */; };
		7BD8800E226A026100670DDC /* LaunchScreen.storyboard in Resources */ = {isa = PBXBuildFile; fileRef = 7BD8800C226A026100670DDC /* LaunchScreen.storyboard */; };
		82EA0C046E5C603D4E1A594D /* Pods_CryptoExample.framework in Frameworks */ = {isa = PBXBuildFile; fileRef = 2ABF5DF68C0D4C18213DE2B5 /* Pods_CryptoExample.framework */; };
/* End PBXBuildFile section */

/* Begin PBXFileReference section */
		2ABF5DF68C0D4C18213DE2B5 /* Pods_CryptoExample.framework */ = {isa = PBXFileReference; explicitFileType = wrapper.framework; includeInIndex = 0; path = Pods_CryptoExample.framework; sourceTree = BUILT_PRODUCTS_DIR; };
		7BD88000226A026000670DDC /* CryptoExample.app */ = {isa = PBXFileReference; explicitFileType = wrapper.application; includeInIndex = 0; path = CryptoExample.app; sourceTree = BUILT_PRODUCTS_DIR; };
		7BD88003226A026000670DDC /* AppDelegate.swift */ = {isa = PBXFileReference; lastKnownFileType = sourcecode.swift; path = AppDelegate.swift; sourceTree = "<group>"; };
		7BD88005226A026000670DDC /* ViewController.swift */ = {isa = PBXFileReference; lastKnownFileType = sourcecode.swift; path = ViewController.swift; sourceTree = "<group>"; };
		7BD88008226A026000670DDC /* Base */ = {isa = PBXFileReference; lastKnownFileType = file.storyboard; name = Base; path = Base.lproj/Main.storyboard; sourceTree = "<group>"; };
		7BD8800A226A026100670DDC /* Assets.xcassets */ = {isa = PBXFileReference; lastKnownFileType = folder.assetcatalog; path = Assets.xcassets; sourceTree = "<group>"; };
		7BD8800D226A026100670DDC /* Base */ = {isa = PBXFileReference; lastKnownFileType = file.storyboard; name = Base; path = Base.lproj/LaunchScreen.storyboard; sourceTree = "<group>"; };
		7BD8800F226A026100670DDC /* Info.plist */ = {isa = PBXFileReference; lastKnownFileType = text.plist.xml; path = Info.plist; sourceTree = "<group>"; };
		F409D0579DF9CAD5C46624A4 /* Pods-CryptoExample.debug.xcconfig */ = {isa = PBXFileReference; includeInIndex = 1; lastKnownFileType = text.xcconfig; name = "Pods-CryptoExample.debug.xcconfig"; path = "Target Support Files/Pods-CryptoExample/Pods-CryptoExample.debug.xcconfig"; sourceTree = "<group>"; };
		F902B0AD3ECD03B75716D64A /* Pods-CryptoExample.release.xcconfig */ = {isa = PBXFileReference; includeInIndex = 1; lastKnownFileType = text.xcconfig; name = "Pods-CryptoExample.release.xcconfig"; path = "Target Support Files/Pods-CryptoExample/Pods-CryptoExample.release.xcconfig"; sourceTree = "<group>"; };
/* End PBXFileReference section */

/* Begin PBXFrameworksBuildPhase section */
		7BD87FFD226A026000670DDC /* Frameworks */ = {
			isa = PBXFrameworksBuildPhase;
			buildActionMask = 2147483647;
			files = (
				82EA0C046E5C603D4E1A594D /* Pods_CryptoExample.framework in Frameworks */,
			);
			runOnlyForDeploymentPostprocessing = 0;
		};
/* End PBXFrameworksBuildPhase section */

/* Begin PBXGroup section */
		32FFBC3AE529EA29249B5ACE /* Pods */ = {
			isa = PBXGroup;
			children = (
				F409D0579DF9CAD5C46624A4 /* Pods-CryptoExample.debug.xcconfig */,
				F902B0AD3ECD03B75716D64A /* Pods-CryptoExample.release.xcconfig */,
			);
			path = Pods;
			sourceTree = "<group>";
		};
		7BD87FF7226A026000670DDC = {
			isa = PBXGroup;
			children = (
				7BD88002226A026000670DDC /* CryptoExample */,
				7BD88001226A026000670DDC /* Products */,
				32FFBC3AE529EA29249B5ACE /* Pods */,
				DCE353DB8BCAAAE9932F38D0 /* Frameworks */,
			);
			sourceTree = "<group>";
		};
		7BD88001226A026000670DDC /* Products */ = {
			isa = PBXGroup;
			children = (
				7BD88000226A026000670DDC /* CryptoExample.app */,
			);
			name = Products;
			sourceTree = "<group>";
		};
		7BD88002226A026000670DDC /* CryptoExample */ = {
			isa = PBXGroup;
			children = (
				7BD88003226A026000670DDC /* AppDelegate.swift */,
				7BD88005226A026000670DDC /* ViewController.swift */,
				7BD88007226A026000670DDC /* Main.storyboard */,
				7BD8800A226A026100670DDC /* Assets.xcassets */,
				7BD8800C226A026100670DDC /* LaunchScreen.storyboard */,
				7BD8800F226A026100670DDC /* Info.plist */,
			);
			path = CryptoExample;
			sourceTree = "<group>";
		};
		DCE353DB8BCAAAE9932F38D0 /* Frameworks */ = {
			isa = PBXGroup;
			children = (
				2ABF5DF68C0D4C18213DE2B5 /* Pods_CryptoExample.framework */,
			);
			name = Frameworks;
			sourceTree = "<group>";
		};
/* End PBXGroup section */

/* Begin PBXNativeTarget section */
		7BD87FFF226A026000670DDC /* CryptoExample */ = {
			isa = PBXNativeTarget;
			buildConfigurationList = 7BD88012226A026100670DDC /* Build configuration list for PBXNativeTarget "CryptoExample" */;
			buildPhases = (
				C9DB54D15C70B3E71A45AEB4 /* [CP] Check Pods Manifest.lock */,
				7BD87FFC226A026000670DDC /* Sources */,
				7BD87FFD226A026000670DDC /* Frameworks */,
				7BD87FFE226A026000670DDC /* Resources */,
				ABE247BAF5AD227FBF559746 /* [CP] Embed Pods Frameworks */,
			);
			buildRules = (
			);
			dependencies = (
			);
			name = CryptoExample;
			productName = CryptoExample;
			productReference = 7BD88000226A026000670DDC /* CryptoExample.app */;
			productType = "com.apple.product-type.application";
		};
/* End PBXNativeTarget section */

/* Begin PBXProject section */
		7BD87FF8226A026000670DDC /* Project object */ = {
			isa = PBXProject;
			attributes = {
				LastSwiftUpdateCheck = 1020;
				LastUpgradeCheck = 1020;
				ORGANIZATIONNAME = Mefilt;
				TargetAttributes = {
					7BD87FFF226A026000670DDC = {
						CreatedOnToolsVersion = 10.2.1;
					};
				};
			};
			buildConfigurationList = 7BD87FFB226A026000670DDC /* Build configuration list for PBXProject "CryptoExample" */;
			compatibilityVersion = "Xcode 9.3";
			developmentRegion = en;
			hasScannedForEncodings = 0;
			knownRegions = (
				en,
				Base,
			);
			mainGroup = 7BD87FF7226A026000670DDC;
			productRefGroup = 7BD88001226A026000670DDC /* Products */;
			projectDirPath = "";
			projectRoot = "";
			targets = (
				7BD87FFF226A026000670DDC /* CryptoExample */,
			);
		};
/* End PBXProject section */

/* Begin PBXResourcesBuildPhase section */
		7BD87FFE226A026000670DDC /* Resources */ = {
			isa = PBXResourcesBuildPhase;
			buildActionMask = 2147483647;
			files = (
				7BD8800E226A026100670DDC /* LaunchScreen.storyboard in Resources */,
				7BD8800B226A026100670DDC /* Assets.xcassets in Resources */,
				7BD88009226A026000670DDC /* Main.storyboard in Resources */,
			);
			runOnlyForDeploymentPostprocessing = 0;
		};
/* End PBXResourcesBuildPhase section */

/* Begin PBXShellScriptBuildPhase section */
		ABE247BAF5AD227FBF559746 /* [CP] Embed Pods Frameworks */ = {
			isa = PBXShellScriptBuildPhase;
			buildActionMask = 2147483647;
			files = (
			);
			inputFileListPaths = (
			);
			inputPaths = (
				"${PODS_ROOT}/Target Support Files/Pods-CryptoExample/Pods-CryptoExample-frameworks.sh",
				"${BUILT_PRODUCTS_DIR}/Base58/Base58.framework",
				"${BUILT_PRODUCTS_DIR}/Blake2/Blake2.framework",
				"${BUILT_PRODUCTS_DIR}/CryptoSwift/CryptoSwift.framework",
				"${BUILT_PRODUCTS_DIR}/Curve25519/Curve25519.framework",
				"${BUILT_PRODUCTS_DIR}/Keccak/Keccak.framework",
				"${BUILT_PRODUCTS_DIR}/WavesCrypto/WavesCrypto.framework",
			);
			name = "[CP] Embed Pods Frameworks";
			outputFileListPaths = (
			);
			outputPaths = (
				"${TARGET_BUILD_DIR}/${FRAMEWORKS_FOLDER_PATH}/Base58.framework",
				"${TARGET_BUILD_DIR}/${FRAMEWORKS_FOLDER_PATH}/Blake2.framework",
				"${TARGET_BUILD_DIR}/${FRAMEWORKS_FOLDER_PATH}/CryptoSwift.framework",
				"${TARGET_BUILD_DIR}/${FRAMEWORKS_FOLDER_PATH}/Curve25519.framework",
				"${TARGET_BUILD_DIR}/${FRAMEWORKS_FOLDER_PATH}/Keccak.framework",
				"${TARGET_BUILD_DIR}/${FRAMEWORKS_FOLDER_PATH}/WavesCrypto.framework",
			);
			runOnlyForDeploymentPostprocessing = 0;
			shellPath = /bin/sh;
			shellScript = "\"${PODS_ROOT}/Target Support Files/Pods-CryptoExample/Pods-CryptoExample-frameworks.sh\"\n";
			showEnvVarsInLog = 0;
		};
		C9DB54D15C70B3E71A45AEB4 /* [CP] Check Pods Manifest.lock */ = {
			isa = PBXShellScriptBuildPhase;
			buildActionMask = 2147483647;
			files = (
			);
			inputFileListPaths = (
			);
			inputPaths = (
				"${PODS_PODFILE_DIR_PATH}/Podfile.lock",
				"${PODS_ROOT}/Manifest.lock",
			);
			name = "[CP] Check Pods Manifest.lock";
			outputFileListPaths = (
			);
			outputPaths = (
				"$(DERIVED_FILE_DIR)/Pods-CryptoExample-checkManifestLockResult.txt",
			);
			runOnlyForDeploymentPostprocessing = 0;
			shellPath = /bin/sh;
			shellScript = "diff \"${PODS_PODFILE_DIR_PATH}/Podfile.lock\" \"${PODS_ROOT}/Manifest.lock\" > /dev/null\nif [ $? != 0 ] ; then\n    # print error to STDERR\n    echo \"error: The sandbox is not in sync with the Podfile.lock. Run 'pod install' or update your CocoaPods installation.\" >&2\n    exit 1\nfi\n# This output is used by Xcode 'outputs' to avoid re-running this script phase.\necho \"SUCCESS\" > \"${SCRIPT_OUTPUT_FILE_0}\"\n";
			showEnvVarsInLog = 0;
		};
/* End PBXShellScriptBuildPhase section */

/* Begin PBXSourcesBuildPhase section */
		7BD87FFC226A026000670DDC /* Sources */ = {
			isa = PBXSourcesBuildPhase;
			buildActionMask = 2147483647;
			files = (
				7BD88006226A026000670DDC /* ViewController.swift in Sources */,
				7BD88004226A026000670DDC /* AppDelegate.swift in Sources */,
			);
			runOnlyForDeploymentPostprocessing = 0;
		};
/* End PBXSourcesBuildPhase section */

/* Begin PBXVariantGroup section */
		7BD88007226A026000670DDC /* Main.storyboard */ = {
			isa = PBXVariantGroup;
			children = (
				7BD88008226A026000670DDC /* Base */,
			);
			name = Main.storyboard;
			sourceTree = "<group>";
		};
		7BD8800C226A026100670DDC /* LaunchScreen.storyboard */ = {
			isa = PBXVariantGroup;
			children = (
				7BD8800D226A026100670DDC /* Base */,
			);
			name = LaunchScreen.storyboard;
			sourceTree = "<group>";
		};
/* End PBXVariantGroup section */

/* Begin XCBuildConfiguration section */
		7BD88010226A026100670DDC /* Debug */ = {
			isa = XCBuildConfiguration;
			buildSettings = {
				ALWAYS_SEARCH_USER_PATHS = NO;
				CLANG_ANALYZER_NONNULL = YES;
				CLANG_ANALYZER_NUMBER_OBJECT_CONVERSION = YES_AGGRESSIVE;
				CLANG_CXX_LANGUAGE_STANDARD = "gnu++14";
				CLANG_CXX_LIBRARY = "libc++";
				CLANG_ENABLE_MODULES = YES;
				CLANG_ENABLE_OBJC_ARC = YES;
				CLANG_ENABLE_OBJC_WEAK = YES;
				CLANG_WARN_BLOCK_CAPTURE_AUTORELEASING = YES;
				CLANG_WARN_BOOL_CONVERSION = YES;
				CLANG_WARN_COMMA = YES;
				CLANG_WARN_CONSTANT_CONVERSION = YES;
				CLANG_WARN_DEPRECATED_OBJC_IMPLEMENTATIONS = YES;
				CLANG_WARN_DIRECT_OBJC_ISA_USAGE = YES_ERROR;
				CLANG_WARN_DOCUMENTATION_COMMENTS = YES;
				CLANG_WARN_EMPTY_BODY = YES;
				CLANG_WARN_ENUM_CONVERSION = YES;
				CLANG_WARN_INFINITE_RECURSION = YES;
				CLANG_WARN_INT_CONVERSION = YES;
				CLANG_WARN_NON_LITERAL_NULL_CONVERSION = YES;
				CLANG_WARN_OBJC_IMPLICIT_RETAIN_SELF = YES;
				CLANG_WARN_OBJC_LITERAL_CONVERSION = YES;
				CLANG_WARN_OBJC_ROOT_CLASS = YES_ERROR;
				CLANG_WARN_RANGE_LOOP_ANALYSIS = YES;
				CLANG_WARN_STRICT_PROTOTYPES = YES;
				CLANG_WARN_SUSPICIOUS_MOVE = YES;
				CLANG_WARN_UNGUARDED_AVAILABILITY = YES_AGGRESSIVE;
				CLANG_WARN_UNREACHABLE_CODE = YES;
				CLANG_WARN__DUPLICATE_METHOD_MATCH = YES;
				CODE_SIGN_IDENTITY = "iPhone Developer";
				COPY_PHASE_STRIP = NO;
				DEBUG_INFORMATION_FORMAT = dwarf;
				ENABLE_STRICT_OBJC_MSGSEND = YES;
				ENABLE_TESTABILITY = YES;
				GCC_C_LANGUAGE_STANDARD = gnu11;
				GCC_DYNAMIC_NO_PIC = NO;
				GCC_NO_COMMON_BLOCKS = YES;
				GCC_OPTIMIZATION_LEVEL = 0;
				GCC_PREPROCESSOR_DEFINITIONS = (
					"DEBUG=1",
					"$(inherited)",
				);
				GCC_WARN_64_TO_32_BIT_CONVERSION = YES;
				GCC_WARN_ABOUT_RETURN_TYPE = YES_ERROR;
				GCC_WARN_UNDECLARED_SELECTOR = YES;
				GCC_WARN_UNINITIALIZED_AUTOS = YES_AGGRESSIVE;
				GCC_WARN_UNUSED_FUNCTION = YES;
				GCC_WARN_UNUSED_VARIABLE = YES;
				IPHONEOS_DEPLOYMENT_TARGET = 12.2;
				MTL_ENABLE_DEBUG_INFO = INCLUDE_SOURCE;
				MTL_FAST_MATH = YES;
				ONLY_ACTIVE_ARCH = YES;
				SDKROOT = iphoneos;
				SWIFT_ACTIVE_COMPILATION_CONDITIONS = DEBUG;
				SWIFT_OPTIMIZATION_LEVEL = "-Onone";
			};
			name = Debug;
		};
		7BD88011226A026100670DDC /* Release */ = {
			isa = XCBuildConfiguration;
			buildSettings = {
				ALWAYS_SEARCH_USER_PATHS = NO;
				CLANG_ANALYZER_NONNULL = YES;
				CLANG_ANALYZER_NUMBER_OBJECT_CONVERSION = YES_AGGRESSIVE;
				CLANG_CXX_LANGUAGE_STANDARD = "gnu++14";
				CLANG_CXX_LIBRARY = "libc++";
				CLANG_ENABLE_MODULES = YES;
				CLANG_ENABLE_OBJC_ARC = YES;
				CLANG_ENABLE_OBJC_WEAK = YES;
				CLANG_WARN_BLOCK_CAPTURE_AUTORELEASING = YES;
				CLANG_WARN_BOOL_CONVERSION = YES;
				CLANG_WARN_COMMA = YES;
				CLANG_WARN_CONSTANT_CONVERSION = YES;
				CLANG_WARN_DEPRECATED_OBJC_IMPLEMENTATIONS = YES;
				CLANG_WARN_DIRECT_OBJC_ISA_USAGE = YES_ERROR;
				CLANG_WARN_DOCUMENTATION_COMMENTS = YES;
				CLANG_WARN_EMPTY_BODY = YES;
				CLANG_WARN_ENUM_CONVERSION = YES;
				CLANG_WARN_INFINITE_RECURSION = YES;
				CLANG_WARN_INT_CONVERSION = YES;
				CLANG_WARN_NON_LITERAL_NULL_CONVERSION = YES;
				CLANG_WARN_OBJC_IMPLICIT_RETAIN_SELF = YES;
				CLANG_WARN_OBJC_LITERAL_CONVERSION = YES;
				CLANG_WARN_OBJC_ROOT_CLASS = YES_ERROR;
				CLANG_WARN_RANGE_LOOP_ANALYSIS = YES;
				CLANG_WARN_STRICT_PROTOTYPES = YES;
				CLANG_WARN_SUSPICIOUS_MOVE = YES;
				CLANG_WARN_UNGUARDED_AVAILABILITY = YES_AGGRESSIVE;
				CLANG_WARN_UNREACHABLE_CODE = YES;
				CLANG_WARN__DUPLICATE_METHOD_MATCH = YES;
				CODE_SIGN_IDENTITY = "iPhone Developer";
				COPY_PHASE_STRIP = NO;
				DEBUG_INFORMATION_FORMAT = "dwarf-with-dsym";
				ENABLE_NS_ASSERTIONS = NO;
				ENABLE_STRICT_OBJC_MSGSEND = YES;
				GCC_C_LANGUAGE_STANDARD = gnu11;
				GCC_NO_COMMON_BLOCKS = YES;
				GCC_WARN_64_TO_32_BIT_CONVERSION = YES;
				GCC_WARN_ABOUT_RETURN_TYPE = YES_ERROR;
				GCC_WARN_UNDECLARED_SELECTOR = YES;
				GCC_WARN_UNINITIALIZED_AUTOS = YES_AGGRESSIVE;
				GCC_WARN_UNUSED_FUNCTION = YES;
				GCC_WARN_UNUSED_VARIABLE = YES;
				IPHONEOS_DEPLOYMENT_TARGET = 12.2;
				MTL_ENABLE_DEBUG_INFO = NO;
				MTL_FAST_MATH = YES;
				SDKROOT = iphoneos;
				SWIFT_COMPILATION_MODE = wholemodule;
				SWIFT_OPTIMIZATION_LEVEL = "-O";
				VALIDATE_PRODUCT = YES;
			};
			name = Release;
		};
		7BD88013226A026100670DDC /* Debug */ = {
			isa = XCBuildConfiguration;
			baseConfigurationReference = F409D0579DF9CAD5C46624A4 /* Pods-CryptoExample.debug.xcconfig */;
			buildSettings = {
				ASSETCATALOG_COMPILER_APPICON_NAME = AppIcon;
				CODE_SIGN_IDENTITY = "iPhone Developer";
				CODE_SIGN_STYLE = Automatic;
				DEVELOPMENT_TEAM = 96SW78M3KJ;
				INFOPLIST_FILE = CryptoExample/Info.plist;
				LD_RUNPATH_SEARCH_PATHS = (
					"$(inherited)",
					"@executable_path/Frameworks",
				);
				PRODUCT_BUNDLE_IDENTIFIER = Mefilt.CryptoExample;
				PRODUCT_NAME = "$(TARGET_NAME)";
				PROVISIONING_PROFILE_SPECIFIER = "";
				SWIFT_VERSION = 5.0;
				TARGETED_DEVICE_FAMILY = "1,2";
			};
			name = Debug;
		};
		7BD88014226A026100670DDC /* Release */ = {
			isa = XCBuildConfiguration;
			baseConfigurationReference = F902B0AD3ECD03B75716D64A /* Pods-CryptoExample.release.xcconfig */;
			buildSettings = {
				ASSETCATALOG_COMPILER_APPICON_NAME = AppIcon;
				CODE_SIGN_IDENTITY = "iPhone Developer";
				CODE_SIGN_STYLE = Automatic;
				DEVELOPMENT_TEAM = 96SW78M3KJ;
				INFOPLIST_FILE = CryptoExample/Info.plist;
				LD_RUNPATH_SEARCH_PATHS = (
					"$(inherited)",
					"@executable_path/Frameworks",
				);
				PRODUCT_BUNDLE_IDENTIFIER = Mefilt.CryptoExample;
				PRODUCT_NAME = "$(TARGET_NAME)";
				PROVISIONING_PROFILE_SPECIFIER = "";
				SWIFT_VERSION = 5.0;
				TARGETED_DEVICE_FAMILY = "1,2";
			};
			name = Release;
		};
/* End XCBuildConfiguration section */

/* Begin XCConfigurationList section */
		7BD87FFB226A026000670DDC /* Build configuration list for PBXProject "CryptoExample" */ = {
			isa = XCConfigurationList;
			buildConfigurations = (
				7BD88010226A026100670DDC /* Debug */,
				7BD88011226A026100670DDC /* Release */,
			);
			defaultConfigurationIsVisible = 0;
			defaultConfigurationName = Release;
		};
		7BD88012226A026100670DDC /* Build configuration list for PBXNativeTarget "CryptoExample" */ = {
			isa = XCConfigurationList;
			buildConfigurations = (
				7BD88013226A026100670DDC /* Debug */,
				7BD88014226A026100670DDC /* Release */,
			);
			defaultConfigurationIsVisible = 0;
			defaultConfigurationName = Release;
		};
/* End XCConfigurationList section */
	};
	rootObject = 7BD87FF8226A026000670DDC /* Project object */;
}
